// !$*UTF8*$!
{
	archiveVersion = 1;
	classes = {
	};
	objectVersion = 50;
	objects = {

/* Begin PBXBuildFile section */
		633E74AD227A2D0100A18839 /* AppDelegate.swift in Sources */ = {isa = PBXBuildFile; fileRef = 633E74AC227A2D0100A18839 /* AppDelegate.swift */; };
		633E74AF227A2D0100A18839 /* MainVC.swift in Sources */ = {isa = PBXBuildFile; fileRef = 633E74AE227A2D0100A18839 /* MainVC.swift */; };
		633E74B2227A2D0100A18839 /* Main.storyboard in Resources */ = {isa = PBXBuildFile; fileRef = 633E74B0227A2D0100A18839 /* Main.storyboard */; };
		633E74B4227A2D0200A18839 /* Assets.xcassets in Resources */ = {isa = PBXBuildFile; fileRef = 633E74B3227A2D0200A18839 /* Assets.xcassets */; };
		633E74B7227A2D0200A18839 /* LaunchScreen.storyboard in Resources */ = {isa = PBXBuildFile; fileRef = 633E74B5227A2D0200A18839 /* LaunchScreen.storyboard */; };
		633E74C1227A31E300A18839 /* CurrencyTextField.swift in Sources */ = {isa = PBXBuildFile; fileRef = 633E74C0227A31E300A18839 /* CurrencyTextField.swift */; };
/* End PBXBuildFile section */

/* Begin PBXFileReference section */
		633E74A9227A2D0100A18839 /* window-shopper-dev.app */ = {isa = PBXFileReference; explicitFileType = wrapper.application; includeInIndex = 0; path = "window-shopper-dev.app"; sourceTree = BUILT_PRODUCTS_DIR; };
		633E74AC227A2D0100A18839 /* AppDelegate.swift */ = {isa = PBXFileReference; lastKnownFileType = sourcecode.swift; path = AppDelegate.swift; sourceTree = "<group>"; };
		633E74AE227A2D0100A18839 /* MainVC.swift */ = {isa = PBXFileReference; lastKnownFileType = sourcecode.swift; path = MainVC.swift; sourceTree = "<group>"; };
		633E74B1227A2D0100A18839 /* Base */ = {isa = PBXFileReference; lastKnownFileType = file.storyboard; name = Base; path = Base.lproj/Main.storyboard; sourceTree = "<group>"; };
		633E74B3227A2D0200A18839 /* Assets.xcassets */ = {isa = PBXFileReference; lastKnownFileType = folder.assetcatalog; path = Assets.xcassets; sourceTree = "<group>"; };
		633E74B6227A2D0200A18839 /* Base */ = {isa = PBXFileReference; lastKnownFileType = file.storyboard; name = Base; path = Base.lproj/LaunchScreen.storyboard; sourceTree = "<group>"; };
		633E74B8227A2D0200A18839 /* Info.plist */ = {isa = PBXFileReference; lastKnownFileType = text.plist.xml; path = Info.plist; sourceTree = "<group>"; };
		633E74C0227A31E300A18839 /* CurrencyTextField.swift */ = {isa = PBXFileReference; lastKnownFileType = sourcecode.swift; path = CurrencyTextField.swift; sourceTree = "<group>"; };
/* End PBXFileReference section */

/* Begin PBXFrameworksBuildPhase section */
		633E74A6227A2D0100A18839 /* Frameworks */ = {
			isa = PBXFrameworksBuildPhase;
			buildActionMask = 2147483647;
			files = (
			);
			runOnlyForDeploymentPostprocessing = 0;
		};
/* End PBXFrameworksBuildPhase section */

/* Begin PBXGroup section */
		633E74A0227A2D0100A18839 = {
			isa = PBXGroup;
			children = (
				633E74AB227A2D0100A18839 /* window-shopper-dev */,
				633E74AA227A2D0100A18839 /* Products */,
			);
			sourceTree = "<group>";
		};
		633E74AA227A2D0100A18839 /* Products */ = {
			isa = PBXGroup;
			children = (
				633E74A9227A2D0100A18839 /* window-shopper-dev.app */,
			);
			name = Products;
			sourceTree = "<group>";
		};
		633E74AB227A2D0100A18839 /* window-shopper-dev */ = {
			isa = PBXGroup;
			children = (
				633E74BF227A319A00A18839 /* Views */,
				633E74BE227A303C00A18839 /* Controller */,
				633E74AC227A2D0100A18839 /* AppDelegate.swift */,
				633E74B0227A2D0100A18839 /* Main.storyboard */,
				633E74B3227A2D0200A18839 /* Assets.xcassets */,
				633E74B5227A2D0200A18839 /* LaunchScreen.storyboard */,
				633E74B8227A2D0200A18839 /* Info.plist */,
			);
			path = "window-shopper-dev";
			sourceTree = "<group>";
		};
		633E74BE227A303C00A18839 /* Controller */ = {
			isa = PBXGroup;
			children = (
				633E74AE227A2D0100A18839 /* MainVC.swift */,
			);
			path = Controller;
			sourceTree = "<group>";
		};
		633E74BF227A319A00A18839 /* Views */ = {
			isa = PBXGroup;
			children = (
				633E74C0227A31E300A18839 /* CurrencyTextField.swift */,
			);
			path = Views;
			sourceTree = "<group>";
		};
/* End PBXGroup section */

/* Begin PBXNativeTarget section */
		633E74A8227A2D0100A18839 /* window-shopper-dev */ = {
			isa = PBXNativeTarget;
			buildConfigurationList = 633E74BB227A2D0200A18839 /* Build configuration list for PBXNativeTarget "window-shopper-dev" */;
			buildPhases = (
				633E74A5227A2D0100A18839 /* Sources */,
				633E74A6227A2D0100A18839 /* Frameworks */,
				633E74A7227A2D0100A18839 /* Resources */,
			);
			buildRules = (
			);
			dependencies = (
			);
			name = "window-shopper-dev";
			productName = "window-shopper-dev";
			productReference = 633E74A9227A2D0100A18839 /* window-shopper-dev.app */;
			productType = "com.apple.product-type.application";
		};
/* End PBXNativeTarget section */

/* Begin PBXProject section */
		633E74A1227A2D0100A18839 /* Project object */ = {
			isa = PBXProject;
			attributes = {
				LastSwiftUpdateCheck = 1020;
				LastUpgradeCheck = 1020;
				ORGANIZATIONNAME = Hammerhead96;
				TargetAttributes = {
					633E74A8227A2D0100A18839 = {
						CreatedOnToolsVersion = 10.2.1;
					};
				};
			};
			buildConfigurationList = 633E74A4227A2D0100A18839 /* Build configuration list for PBXProject "window-shopper-dev" */;
			compatibilityVersion = "Xcode 9.3";
			developmentRegion = en;
			hasScannedForEncodings = 0;
			knownRegions = (
				en,
				Base,
			);
			mainGroup = 633E74A0227A2D0100A18839;
			productRefGroup = 633E74AA227A2D0100A18839 /* Products */;
			projectDirPath = "";
			projectRoot = "";
			targets = (
				633E74A8227A2D0100A18839 /* window-shopper-dev */,
			);
		};
/* End PBXProject section */

/* Begin PBXResourcesBuildPhase section */
		633E74A7227A2D0100A18839 /* Resources */ = {
			isa = PBXResourcesBuildPhase;
			buildActionMask = 2147483647;
			files = (
				633E74B7227A2D0200A18839 /* LaunchScreen.storyboard in Resources */,
				633E74B4227A2D0200A18839 /* Assets.xcassets in Resources */,
				633E74B2227A2D0100A18839 /* Main.storyboard in Resources */,
			);
			runOnlyForDeploymentPostprocessing = 0;
		};
/* End PBXResourcesBuildPhase section */

/* Begin PBXSourcesBuildPhase section */
		633E74A5227A2D0100A18839 /* Sources */ = {
			isa = PBXSourcesBuildPhase;
			buildActionMask = 2147483647;
			files = (
				633E74C1227A31E300A18839 /* CurrencyTextField.swift in Sources */,
				633E74AF227A2D0100A18839 /* MainVC.swift in Sources */,
				633E74AD227A2D0100A18839 /* AppDelegate.swift in Sources */,
			);
			runOnlyForDeploymentPostprocessing = 0;
		};
/* End PBXSourcesBuildPhase section */

/* Begin PBXVariantGroup section */
		633E74B0227A2D0100A18839 /* Main.storyboard */ = {
			isa = PBXVariantGroup;
			children = (
				633E74B1227A2D0100A18839 /* Base */,
			);
			name = Main.storyboard;
			sourceTree = "<group>";
		};
		633E74B5227A2D0200A18839 /* LaunchScreen.storyboard */ = {
			isa = PBXVariantGroup;
			children = (
				633E74B6227A2D0200A18839 /* Base */,
			);
			name = LaunchScreen.storyboard;
			sourceTree = "<group>";
		};
/* End PBXVariantGroup section */

/* Begin XCBuildConfiguration section */
		633E74B9227A2D0200A18839 /* Debug */ = {
			isa = XCBuildConfiguration;
			buildSettings = {
				ALWAYS_SEARCH_USER_PATHS = NO;
				CLANG_ANALYZER_NONNULL = YES;
				CLANG_ANALYZER_NUMBER_OBJECT_CONVERSION = YES_AGGRESSIVE;
				CLANG_CXX_LANGUAGE_STANDARD = "gnu++14";
				CLANG_CXX_LIBRARY = "libc++";
				CLANG_ENABLE_MODULES = YES;
				CLANG_ENABLE_OBJC_ARC = YES;
				CLANG_ENABLE_OBJC_WEAK = YES;
				CLANG_WARN_BLOCK_CAPTURE_AUTORELEASING = YES;
				CLANG_WARN_BOOL_CONVERSION = YES;
				CLANG_WARN_COMMA = YES;
				CLANG_WARN_CONSTANT_CONVERSION = YES;
				CLANG_WARN_DEPRECATED_OBJC_IMPLEMENTATIONS = YES;
				CLANG_WARN_DIRECT_OBJC_ISA_USAGE = YES_ERROR;
				CLANG_WARN_DOCUMENTATION_COMMENTS = YES;
				CLANG_WARN_EMPTY_BODY = YES;
				CLANG_WARN_ENUM_CONVERSION = YES;
				CLANG_WARN_INFINITE_RECURSION = YES;
				CLANG_WARN_INT_CONVERSION = YES;
				CLANG_WARN_NON_LITERAL_NULL_CONVERSION = YES;
				CLANG_WARN_OBJC_IMPLICIT_RETAIN_SELF = YES;
				CLANG_WARN_OBJC_LITERAL_CONVERSION = YES;
				CLANG_WARN_OBJC_ROOT_CLASS = YES_ERROR;
				CLANG_WARN_RANGE_LOOP_ANALYSIS = YES;
				CLANG_WARN_STRICT_PROTOTYPES = YES;
				CLANG_WARN_SUSPICIOUS_MOVE = YES;
				CLANG_WARN_UNGUARDED_AVAILABILITY = YES_AGGRESSIVE;
				CLANG_WARN_UNREACHABLE_CODE = YES;
				CLANG_WARN__DUPLICATE_METHOD_MATCH = YES;
				CODE_SIGN_IDENTITY = "iPhone Developer";
				COPY_PHASE_STRIP = NO;
				DEBUG_INFORMATION_FORMAT = dwarf;
				ENABLE_STRICT_OBJC_MSGSEND = YES;
				ENABLE_TESTABILITY = YES;
				GCC_C_LANGUAGE_STANDARD = gnu11;
				GCC_DYNAMIC_NO_PIC = NO;
				GCC_NO_COMMON_BLOCKS = YES;
				GCC_OPTIMIZATION_LEVEL = 0;
				GCC_PREPROCESSOR_DEFINITIONS = (
					"DEBUG=1",
					"$(inherited)",
				);
				GCC_WARN_64_TO_32_BIT_CONVERSION = YES;
				GCC_WARN_ABOUT_RETURN_TYPE = YES_ERROR;
				GCC_WARN_UNDECLARED_SELECTOR = YES;
				GCC_WARN_UNINITIALIZED_AUTOS = YES_AGGRESSIVE;
				GCC_WARN_UNUSED_FUNCTION = YES;
				GCC_WARN_UNUSED_VARIABLE = YES;
				IPHONEOS_DEPLOYMENT_TARGET = 12.2;
				MTL_ENABLE_DEBUG_INFO = INCLUDE_SOURCE;
				MTL_FAST_MATH = YES;
				ONLY_ACTIVE_ARCH = YES;
				SDKROOT = iphoneos;
				SWIFT_ACTIVE_COMPILATION_CONDITIONS = DEBUG;
				SWIFT_OPTIMIZATION_LEVEL = "-Onone";
			};
			name = Debug;
		};
		633E74BA227A2D0200A18839 /* Release */ = {
			isa = XCBuildConfiguration;
			buildSettings = {
				ALWAYS_SEARCH_USER_PATHS = NO;
				CLANG_ANALYZER_NONNULL = YES;
				CLANG_ANALYZER_NUMBER_OBJECT_CONVERSION = YES_AGGRESSIVE;
				CLANG_CXX_LANGUAGE_STANDARD = "gnu++14";
				CLANG_CXX_LIBRARY = "libc++";
				CLANG_ENABLE_MODULES = YES;
				CLANG_ENABLE_OBJC_ARC = YES;
				CLANG_ENABLE_OBJC_WEAK = YES;
				CLANG_WARN_BLOCK_CAPTURE_AUTORELEASING = YES;
				CLANG_WARN_BOOL_CONVERSION = YES;
				CLANG_WARN_COMMA = YES;
				CLANG_WARN_CONSTANT_CONVERSION = YES;
				CLANG_WARN_DEPRECATED_OBJC_IMPLEMENTATIONS = YES;
				CLANG_WARN_DIRECT_OBJC_ISA_USAGE = YES_ERROR;
				CLANG_WARN_DOCUMENTATION_COMMENTS = YES;
				CLANG_WARN_EMPTY_BODY = YES;
				CLANG_WARN_ENUM_CONVERSION = YES;
				CLANG_WARN_INFINITE_RECURSION = YES;
				CLANG_WARN_INT_CONVERSION = YES;
				CLANG_WARN_NON_LITERAL_NULL_CONVERSION = YES;
				CLANG_WARN_OBJC_IMPLICIT_RETAIN_SELF = YES;
				CLANG_WARN_OBJC_LITERAL_CONVERSION = YES;
				CLANG_WARN_OBJC_ROOT_CLASS = YES_ERROR;
				CLANG_WARN_RANGE_LOOP_ANALYSIS = YES;
				CLANG_WARN_STRICT_PROTOTYPES = YES;
				CLANG_WARN_SUSPICIOUS_MOVE = YES;
				CLANG_WARN_UNGUARDED_AVAILABILITY = YES_AGGRESSIVE;
				CLANG_WARN_UNREACHABLE_CODE = YES;
				CLANG_WARN__DUPLICATE_METHOD_MATCH = YES;
				CODE_SIGN_IDENTITY = "iPhone Developer";
				COPY_PHASE_STRIP = NO;
				DEBUG_INFORMATION_FORMAT = "dwarf-with-dsym";
				ENABLE_NS_ASSERTIONS = NO;
				ENABLE_STRICT_OBJC_MSGSEND = YES;
				GCC_C_LANGUAGE_STANDARD = gnu11;
				GCC_NO_COMMON_BLOCKS = YES;
				GCC_WARN_64_TO_32_BIT_CONVERSION = YES;
				GCC_WARN_ABOUT_RETURN_TYPE = YES_ERROR;
				GCC_WARN_UNDECLARED_SELECTOR = YES;
				GCC_WARN_UNINITIALIZED_AUTOS = YES_AGGRESSIVE;
				GCC_WARN_UNUSED_FUNCTION = YES;
				GCC_WARN_UNUSED_VARIABLE = YES;
				IPHONEOS_DEPLOYMENT_TARGET = 12.2;
				MTL_ENABLE_DEBUG_INFO = NO;
				MTL_FAST_MATH = YES;
				SDKROOT = iphoneos;
				SWIFT_COMPILATION_MODE = wholemodule;
				SWIFT_OPTIMIZATION_LEVEL = "-O";
				VALIDATE_PRODUCT = YES;
			};
			name = Release;
		};
		633E74BC227A2D0200A18839 /* Debug */ = {
			isa = XCBuildConfiguration;
			buildSettings = {
				ASSETCATALOG_COMPILER_APPICON_NAME = AppIcon;
				CODE_SIGN_STYLE = Automatic;
				DEVELOPMENT_TEAM = 537D4K6YGN;
				INFOPLIST_FILE = "window-shopper-dev/Info.plist";
				LD_RUNPATH_SEARCH_PATHS = (
					"$(inherited)",
					"@executable_path/Frameworks",
				);
				PRODUCT_BUNDLE_IDENTIFIER = "edu.AnthonyCrane.window-shopper-dev";
				PRODUCT_NAME = "$(TARGET_NAME)";
				SWIFT_VERSION = 5.0;
				TARGETED_DEVICE_FAMILY = "1,2";
			};
			name = Debug;
		};
		633E74BD227A2D0200A18839 /* Release */ = {
			isa = XCBuildConfiguration;
			buildSettings = {
				ASSETCATALOG_COMPILER_APPICON_NAME = AppIcon;
				CODE_SIGN_STYLE = Automatic;
				DEVELOPMENT_TEAM = 537D4K6YGN;
				INFOPLIST_FILE = "window-shopper-dev/Info.plist";
				LD_RUNPATH_SEARCH_PATHS = (
					"$(inherited)",
					"@executable_path/Frameworks",
				);
				PRODUCT_BUNDLE_IDENTIFIER = "edu.AnthonyCrane.window-shopper-dev";
				PRODUCT_NAME = "$(TARGET_NAME)";
				SWIFT_VERSION = 5.0;
				TARGETED_DEVICE_FAMILY = "1,2";
			};
			name = Release;
		};
/* End XCBuildConfiguration section */

/* Begin XCConfigurationList section */
		633E74A4227A2D0100A18839 /* Build configuration list for PBXProject "window-shopper-dev" */ = {
			isa = XCConfigurationList;
			buildConfigurations = (
				633E74B9227A2D0200A18839 /* Debug */,
				633E74BA227A2D0200A18839 /* Release */,
			);
			defaultConfigurationIsVisible = 0;
			defaultConfigurationName = Release;
		};
		633E74BB227A2D0200A18839 /* Build configuration list for PBXNativeTarget "window-shopper-dev" */ = {
			isa = XCConfigurationList;
			buildConfigurations = (
				633E74BC227A2D0200A18839 /* Debug */,
				633E74BD227A2D0200A18839 /* Release */,
			);
			defaultConfigurationIsVisible = 0;
			defaultConfigurationName = Release;
		};
/* End XCConfigurationList section */
	};
	rootObject = 633E74A1227A2D0100A18839 /* Project object */;
}
